
Microsoft Visual Studio Solution File, Format Version 12.00
# Visual Studio Version 17
VisualStudioVersion = 17.2.32616.157
MinimumVisualStudioVersion = 10.0.40219.1
Project("{9A19103F-16F7-4668-BE54-9A1E7A4F7556}") = "uebung3", "uebung3.csproj", "{69750A0C-2DEA-4987-862E-3D422125B8EC}"
EndProject
Project("{FAE04EC0-301F-11D3-BF4B-00C04F79EFBC}") = "aufgabe1", "..\aufgabe1\aufgabe1.csproj", "{F9456ECD-1071-44EE-B1C4-5360F5481000}"
EndProject
Global
	GlobalSection(SolutionConfigurationPlatforms) = preSolution
		Debug|Any CPU = Debug|Any CPU
		Release|Any CPU = Release|Any CPU
	EndGlobalSection
	GlobalSection(ProjectConfigurationPlatforms) = postSolution
		{69750A0C-2DEA-4987-862E-3D422125B8EC}.Debug|Any CPU.ActiveCfg = Debug|Any CPU
		{69750A0C-2DEA-4987-862E-3D422125B8EC}.Debug|Any CPU.Build.0 = Debug|Any CPU
		{69750A0C-2DEA-4987-862E-3D422125B8EC}.Release|Any CPU.ActiveCfg = Release|Any CPU
		{69750A0C-2DEA-4987-862E-3D422125B8EC}.Release|Any CPU.Build.0 = Release|Any CPU
		{F9456ECD-1071-44EE-B1C4-5360F5481000}.Debug|Any CPU.ActiveCfg = Debug|Any CPU
		{F9456ECD-1071-44EE-B1C4-5360F5481000}.Debug|Any CPU.Build.0 = Debug|Any CPU
		{F9456ECD-1071-44EE-B1C4-5360F5481000}.Release|Any CPU.ActiveCfg = Release|Any CPU
		{F9456ECD-1071-44EE-B1C4-5360F5481000}.Release|Any CPU.Build.0 = Release|Any CPU
	EndGlobalSection
	GlobalSection(SolutionProperties) = preSolution
		HideSolutionNode = FALSE
	EndGlobalSection
	GlobalSection(ExtensibilityGlobals) = postSolution
		SolutionGuid = {0C244BD3-A078-4B04-8C4C-1BD85E49004A}
	EndGlobalSection
EndGlobal
